
Microsoft Visual Studio Solution File, Format Version 12.00
# Visual Studio Version 16
VisualStudioVersion = 16.0.30611.23
MinimumVisualStudioVersion = 10.0.40219.1
Project("{FAE04EC0-301F-11D3-BF4B-00C04F79EFBC}") = "20202c-Clase-Servicios-Web", "20202c-Clase-Servicios-Web\20202c-Clase-Servicios-Web.csproj", "{F6A12EA8-7837-4B10-9F9A-30C3F46AF701}"
EndProject
Project("{FAE04EC0-301F-11D3-BF4B-00C04F79EFBC}") = "DAL", "DAL\DAL.csproj", "{B68F800D-E3FC-482B-86A2-291B368B0D9C}"
EndProject
Project("{FAE04EC0-301F-11D3-BF4B-00C04F79EFBC}") = "Servicios", "Servicios\Servicios.csproj", "{72F59902-A0E5-431B-8C36-9BCE5AC2E6F9}"
EndProject
Global
	GlobalSection(SolutionConfigurationPlatforms) = preSolution
		Debug|Any CPU = Debug|Any CPU
		Release|Any CPU = Release|Any CPU
	EndGlobalSection
	GlobalSection(ProjectConfigurationPlatforms) = postSolution
		{F6A12EA8-7837-4B10-9F9A-30C3F46AF701}.Debug|Any CPU.ActiveCfg = Debug|Any CPU
		{F6A12EA8-7837-4B10-9F9A-30C3F46AF701}.Debug|Any CPU.Build.0 = Debug|Any CPU
		{F6A12EA8-7837-4B10-9F9A-30C3F46AF701}.Release|Any CPU.ActiveCfg = Release|Any CPU
		{F6A12EA8-7837-4B10-9F9A-30C3F46AF701}.Release|Any CPU.Build.0 = Release|Any CPU
		{B68F800D-E3FC-482B-86A2-291B368B0D9C}.Debug|Any CPU.ActiveCfg = Debug|Any CPU
		{B68F800D-E3FC-482B-86A2-291B368B0D9C}.Debug|Any CPU.Build.0 = Debug|Any CPU
		{B68F800D-E3FC-482B-86A2-291B368B0D9C}.Release|Any CPU.ActiveCfg = Release|Any CPU
		{B68F800D-E3FC-482B-86A2-291B368B0D9C}.Release|Any CPU.Build.0 = Release|Any CPU
		{72F59902-A0E5-431B-8C36-9BCE5AC2E6F9}.Debug|Any CPU.ActiveCfg = Debug|Any CPU
		{72F59902-A0E5-431B-8C36-9BCE5AC2E6F9}.Debug|Any CPU.Build.0 = Debug|Any CPU
		{72F59902-A0E5-431B-8C36-9BCE5AC2E6F9}.Release|Any CPU.ActiveCfg = Release|Any CPU
		{72F59902-A0E5-431B-8C36-9BCE5AC2E6F9}.Release|Any CPU.Build.0 = Release|Any CPU
	EndGlobalSection
	GlobalSection(SolutionProperties) = preSolution
		HideSolutionNode = FALSE
	EndGlobalSection
	GlobalSection(ExtensibilityGlobals) = postSolution
		SolutionGuid = {82192DAC-5B39-4AEB-A79C-BBF2E5DEF2A5}
	EndGlobalSection
EndGlobal
